github.com/ebitengine/purego v0.10.2 h1:W809HbnvzAxgdm+aOvlSekrM16wGCdT/e76+9tS7gzE=
github.com/ebitengine/purego v0.10.2/go.mod h1:iIjxzd6CiRiOG0UyXP+V1+jWqUXVjPKLAI0mRfJZTmQ=
github.com/go-macos/objc v0.1.0 h1:X9jacwcRAeuvA7v8j2FEI/1wmJPxW+5VXjJfq0rzHZE=
github.com/go-macos/objc v0.1.0/go.mod h1:00GJyieLzPcb65rPLVWNPPUCVm79nmmiEXUDsslRpOs=
github.com/go-macos/objc v0.5.0 h1:/C091FfAlpHR8UAGWMVV9hM7AOPJejONu3TbpZYi9EQ=
github.com/go-macos/objc v0.5.0/go.mod h1:00GJyieLzPcb65rPLVWNPPUCVm79nmmiEXUDsslRpOs=
github.com/go-macos/objc v0.7.0 h1:uu879AhALfe99XtfrjHBNmKz14Y8fxL8oJTOiTr4VPY=
github.com/go-macos/objc v0.7.0/go.mod h1:00GJyieLzPcb65rPLVWNPPUCVm79nmmiEXUDsslRpOs=
github.com/go-mswin/win32 v0.1.0 h1:A5Qfrix2eACXXskaIALrwu2+OWpmkRrpdw68yp8EoSw=
github.com/go-mswin/win32 v0.1.0/go.mod h1:ypmW4zosl3mXhy0O39EDbHk+AUjgaXGyFgY5UpX3AxI=
github.com/go-mswin/win32 v0.4.0 h1:0JAvm3XNMxOyfYX1anbtAqxNvxvUA0DZ1SyAUinhMa0=
github.com/go-mswin/win32 v0.4.0/go.mod h1:ypmW4zosl3mXhy0O39EDbHk+AUjgaXGyFgY5UpX3AxI=
github.com/godbus/dbus/v5 v5.2.2 h1:TUR3TgtSVDmjiXOgAAyaZbYmIeP3DPkld3jgKGV8mXQ=
github.com/godbus/dbus/v5 v5.2.2/go.mod h1:3AAv2+hPq5rdnr5txxxRwiGjPXamgoIHgz9FPBfOp3c=
golang.org/x/sys v0.47.0 h1:o7XGOvZQCADBQQ4Y7VNq2dRWQR7JmOUW8Kxx4ZsNgWs=
golang.org/x/sys v0.47.0/go.mod h1:4GL1E5IUh+htKOUEOaiffhrAeqysfVGipDYzABqnCmw=
