github.com/ebitengine/purego v0.11.1 h1:2zpWRSQNVKN4eKsKO9eM1ILDgWfYMY9GwqRmK6XeQ/0=
github.com/ebitengine/purego v0.11.1/go.mod h1:DCHPP08djqhNSoTfImcnHYQRZmd0qhakvrozqaEYhGQ=
github.com/go-macos/objc v0.11.0 h1:YnSZbQDR0nXSuGwEKr+BaY14Jevw5uRHTrry4l5P4d0=
github.com/go-macos/objc v0.11.0/go.mod h1:G2YcKu5C2Xs08vcM/CUUUeYUi9YeCHmkWcW+5RGwE/g=
github.com/go-mswin/win32 v0.6.0 h1:gapeT3H5/V8eS61WP4r8oqA4tN09qkU1QXmjgOu5VpE=
github.com/go-mswin/win32 v0.6.0/go.mod h1:JoPSHnB0eccheGPKPdQyj4jPbBfKANYXrYl/l6xEwxs=
github.com/go-widgets/mvvm v0.13.0 h1:cfBIsT29StK0gknb4jqiOQhKZNcWf+PUR/jYpuoHmm0=
github.com/go-widgets/mvvm v0.13.0/go.mod h1:9DjoZRoUkdBcMd0KeiN6T6zWCjOR1enX1Rmcj96WDFY=
github.com/godbus/dbus/v5 v5.2.2 h1:TUR3TgtSVDmjiXOgAAyaZbYmIeP3DPkld3jgKGV8mXQ=
github.com/godbus/dbus/v5 v5.2.2/go.mod h1:3AAv2+hPq5rdnr5txxxRwiGjPXamgoIHgz9FPBfOp3c=
golang.org/x/sys v0.48.0 h1:bbX/i/6MgT9BVLM9RT1thmxL04yeTAhbEz4SyadbXoo=
golang.org/x/sys v0.48.0/go.mod h1:hNLxWAXmnKAxqDtdwIYC4bM9oQPEecfsnNMuSxOs3og=
